
Microsoft Visual Studio Solution File, Format Version 12.00
# Visual Studio Version 17
VisualStudioVersion = 17.7.34031.279
MinimumVisualStudioVersion = 10.0.40219.1
Project("{FAE04EC0-301F-11D3-BF4B-00C04F79EFBC}") = "JoanAlex.BotigaCistella", "JoanAlex.BotigaCistella.csproj", "{4A3386E3-3500-432F-83E9-B77254C0F9EC}"
EndProject
Global
	GlobalSection(SolutionConfigurationPlatforms) = preSolution
		Debug|Any CPU = Debug|Any CPU
		Release|Any CPU = Release|Any CPU
	EndGlobalSection
	GlobalSection(ProjectConfigurationPlatforms) = postSolution
		{4A3386E3-3500-432F-83E9-B77254C0F9EC}.Debug|Any CPU.ActiveCfg = Debug|Any CPU
		{4A3386E3-3500-432F-83E9-B77254C0F9EC}.Debug|Any CPU.Build.0 = Debug|Any CPU
		{4A3386E3-3500-432F-83E9-B77254C0F9EC}.Release|Any CPU.ActiveCfg = Release|Any CPU
		{4A3386E3-3500-432F-83E9-B77254C0F9EC}.Release|Any CPU.Build.0 = Release|Any CPU
	EndGlobalSection
	GlobalSection(SolutionProperties) = preSolution
		HideSolutionNode = FALSE
	EndGlobalSection
	GlobalSection(ExtensibilityGlobals) = postSolution
		SolutionGuid = {8812D838-8AFE-4EEE-B515-5B610B1E4780}
	EndGlobalSection
EndGlobal
